
Microsoft Visual Studio Solution File, Format Version 12.00
# Visual Studio Version 17
VisualStudioVersion = 17.0.31903.59
MinimumVisualStudioVersion = 10.0.40219.1
Project("{FAE04EC0-301F-11D3-BF4B-00C04F79EFBC}") = "BootcampDay1", "BootcampDay1\BootcampDay1.csproj", "{04FE877D-7A9B-44AF-B8AC-98966583E957}"
EndProject
Project("{FAE04EC0-301F-11D3-BF4B-00C04F79EFBC}") = "BootcampDay2Web", "BootcampDay2Web\BootcampDay2Web.csproj", "{61FA5A5A-A255-475F-8837-7094046B8DD4}"
EndProject
Project("{FAE04EC0-301F-11D3-BF4B-00C04F79EFBC}") = "BootcampDay2Expression", "BootcampDay2Expression\BootcampDay2Expression.csproj", "{A6809F81-D610-44A1-844D-5A7410EF8934}"
EndProject
Project("{FAE04EC0-301F-11D3-BF4B-00C04F79EFBC}") = "BootcampDay2Namespace", "BootcampDay2Namespace\BootcampDay2Namespace.csproj", "{27B1822C-F61D-47BE-B455-B6677461847E}"
EndProject
Project("{FAE04EC0-301F-11D3-BF4B-00C04F79EFBC}") = "BootcampDay3", "BootcampDay3\BootcampDay3.csproj", "{BB98D4C9-CAB2-4722-9C68-804EBF80D4D8}"
EndProject
Project("{FAE04EC0-301F-11D3-BF4B-00C04F79EFBC}") = "BootcampDay3Classes", "BootcampDay3Classes\BootcampDay3Classes.csproj", "{A5F64E35-9D5F-4C8A-88AD-5E33818024C3}"
EndProject
Project("{FAE04EC0-301F-11D3-BF4B-00C04F79EFBC}") = "BootcampDay3Inheritance", "BootcampDay3Inheritance\BootcampDay3Inheritance.csproj", "{1B2FE6FB-D437-4446-88D7-666B0E7FE7A6}"
EndProject
Global
	GlobalSection(SolutionConfigurationPlatforms) = preSolution
		Debug|Any CPU = Debug|Any CPU
		Debug|x64 = Debug|x64
		Debug|x86 = Debug|x86
		Release|Any CPU = Release|Any CPU
		Release|x64 = Release|x64
		Release|x86 = Release|x86
	EndGlobalSection
	GlobalSection(ProjectConfigurationPlatforms) = postSolution
		{04FE877D-7A9B-44AF-B8AC-98966583E957}.Debug|Any CPU.ActiveCfg = Debug|Any CPU
		{04FE877D-7A9B-44AF-B8AC-98966583E957}.Debug|Any CPU.Build.0 = Debug|Any CPU
		{04FE877D-7A9B-44AF-B8AC-98966583E957}.Debug|x64.ActiveCfg = Debug|Any CPU
		{04FE877D-7A9B-44AF-B8AC-98966583E957}.Debug|x64.Build.0 = Debug|Any CPU
		{04FE877D-7A9B-44AF-B8AC-98966583E957}.Debug|x86.ActiveCfg = Debug|Any CPU
		{04FE877D-7A9B-44AF-B8AC-98966583E957}.Debug|x86.Build.0 = Debug|Any CPU
		{04FE877D-7A9B-44AF-B8AC-98966583E957}.Release|Any CPU.ActiveCfg = Release|Any CPU
		{04FE877D-7A9B-44AF-B8AC-98966583E957}.Release|Any CPU.Build.0 = Release|Any CPU
		{04FE877D-7A9B-44AF-B8AC-98966583E957}.Release|x64.ActiveCfg = Release|Any CPU
		{04FE877D-7A9B-44AF-B8AC-98966583E957}.Release|x64.Build.0 = Release|Any CPU
		{04FE877D-7A9B-44AF-B8AC-98966583E957}.Release|x86.ActiveCfg = Release|Any CPU
		{04FE877D-7A9B-44AF-B8AC-98966583E957}.Release|x86.Build.0 = Release|Any CPU
		{61FA5A5A-A255-475F-8837-7094046B8DD4}.Debug|Any CPU.ActiveCfg = Debug|Any CPU
		{61FA5A5A-A255-475F-8837-7094046B8DD4}.Debug|Any CPU.Build.0 = Debug|Any CPU
		{61FA5A5A-A255-475F-8837-7094046B8DD4}.Debug|x64.ActiveCfg = Debug|Any CPU
		{61FA5A5A-A255-475F-8837-7094046B8DD4}.Debug|x64.Build.0 = Debug|Any CPU
		{61FA5A5A-A255-475F-8837-7094046B8DD4}.Debug|x86.ActiveCfg = Debug|Any CPU
		{61FA5A5A-A255-475F-8837-7094046B8DD4}.Debug|x86.Build.0 = Debug|Any CPU
		{61FA5A5A-A255-475F-8837-7094046B8DD4}.Release|Any CPU.ActiveCfg = Release|Any CPU
		{61FA5A5A-A255-475F-8837-7094046B8DD4}.Release|Any CPU.Build.0 = Release|Any CPU
		{61FA5A5A-A255-475F-8837-7094046B8DD4}.Release|x64.ActiveCfg = Release|Any CPU
		{61FA5A5A-A255-475F-8837-7094046B8DD4}.Release|x64.Build.0 = Release|Any CPU
		{61FA5A5A-A255-475F-8837-7094046B8DD4}.Release|x86.ActiveCfg = Release|Any CPU
		{61FA5A5A-A255-475F-8837-7094046B8DD4}.Release|x86.Build.0 = Release|Any CPU
		{A6809F81-D610-44A1-844D-5A7410EF8934}.Debug|Any CPU.ActiveCfg = Debug|Any CPU
		{A6809F81-D610-44A1-844D-5A7410EF8934}.Debug|Any CPU.Build.0 = Debug|Any CPU
		{A6809F81-D610-44A1-844D-5A7410EF8934}.Debug|x64.ActiveCfg = Debug|Any CPU
		{A6809F81-D610-44A1-844D-5A7410EF8934}.Debug|x64.Build.0 = Debug|Any CPU
		{A6809F81-D610-44A1-844D-5A7410EF8934}.Debug|x86.ActiveCfg = Debug|Any CPU
		{A6809F81-D610-44A1-844D-5A7410EF8934}.Debug|x86.Build.0 = Debug|Any CPU
		{A6809F81-D610-44A1-844D-5A7410EF8934}.Release|Any CPU.ActiveCfg = Release|Any CPU
		{A6809F81-D610-44A1-844D-5A7410EF8934}.Release|Any CPU.Build.0 = Release|Any CPU
		{A6809F81-D610-44A1-844D-5A7410EF8934}.Release|x64.ActiveCfg = Release|Any CPU
		{A6809F81-D610-44A1-844D-5A7410EF8934}.Release|x64.Build.0 = Release|Any CPU
		{A6809F81-D610-44A1-844D-5A7410EF8934}.Release|x86.ActiveCfg = Release|Any CPU
		{A6809F81-D610-44A1-844D-5A7410EF8934}.Release|x86.Build.0 = Release|Any CPU
		{27B1822C-F61D-47BE-B455-B6677461847E}.Debug|Any CPU.ActiveCfg = Debug|Any CPU
		{27B1822C-F61D-47BE-B455-B6677461847E}.Debug|Any CPU.Build.0 = Debug|Any CPU
		{27B1822C-F61D-47BE-B455-B6677461847E}.Debug|x64.ActiveCfg = Debug|Any CPU
		{27B1822C-F61D-47BE-B455-B6677461847E}.Debug|x64.Build.0 = Debug|Any CPU
		{27B1822C-F61D-47BE-B455-B6677461847E}.Debug|x86.ActiveCfg = Debug|Any CPU
		{27B1822C-F61D-47BE-B455-B6677461847E}.Debug|x86.Build.0 = Debug|Any CPU
		{27B1822C-F61D-47BE-B455-B6677461847E}.Release|Any CPU.ActiveCfg = Release|Any CPU
		{27B1822C-F61D-47BE-B455-B6677461847E}.Release|Any CPU.Build.0 = Release|Any CPU
		{27B1822C-F61D-47BE-B455-B6677461847E}.Release|x64.ActiveCfg = Release|Any CPU
		{27B1822C-F61D-47BE-B455-B6677461847E}.Release|x64.Build.0 = Release|Any CPU
		{27B1822C-F61D-47BE-B455-B6677461847E}.Release|x86.ActiveCfg = Release|Any CPU
		{27B1822C-F61D-47BE-B455-B6677461847E}.Release|x86.Build.0 = Release|Any CPU
		{BB98D4C9-CAB2-4722-9C68-804EBF80D4D8}.Debug|Any CPU.ActiveCfg = Debug|Any CPU
		{BB98D4C9-CAB2-4722-9C68-804EBF80D4D8}.Debug|Any CPU.Build.0 = Debug|Any CPU
		{BB98D4C9-CAB2-4722-9C68-804EBF80D4D8}.Debug|x64.ActiveCfg = Debug|Any CPU
		{BB98D4C9-CAB2-4722-9C68-804EBF80D4D8}.Debug|x64.Build.0 = Debug|Any CPU
		{BB98D4C9-CAB2-4722-9C68-804EBF80D4D8}.Debug|x86.ActiveCfg = Debug|Any CPU
		{BB98D4C9-CAB2-4722-9C68-804EBF80D4D8}.Debug|x86.Build.0 = Debug|Any CPU
		{BB98D4C9-CAB2-4722-9C68-804EBF80D4D8}.Release|Any CPU.ActiveCfg = Release|Any CPU
		{BB98D4C9-CAB2-4722-9C68-804EBF80D4D8}.Release|Any CPU.Build.0 = Release|Any CPU
		{BB98D4C9-CAB2-4722-9C68-804EBF80D4D8}.Release|x64.ActiveCfg = Release|Any CPU
		{BB98D4C9-CAB2-4722-9C68-804EBF80D4D8}.Release|x64.Build.0 = Release|Any CPU
		{BB98D4C9-CAB2-4722-9C68-804EBF80D4D8}.Release|x86.ActiveCfg = Release|Any CPU
		{BB98D4C9-CAB2-4722-9C68-804EBF80D4D8}.Release|x86.Build.0 = Release|Any CPU
		{A5F64E35-9D5F-4C8A-88AD-5E33818024C3}.Debug|Any CPU.ActiveCfg = Debug|Any CPU
		{A5F64E35-9D5F-4C8A-88AD-5E33818024C3}.Debug|Any CPU.Build.0 = Debug|Any CPU
		{A5F64E35-9D5F-4C8A-88AD-5E33818024C3}.Debug|x64.ActiveCfg = Debug|Any CPU
		{A5F64E35-9D5F-4C8A-88AD-5E33818024C3}.Debug|x64.Build.0 = Debug|Any CPU
		{A5F64E35-9D5F-4C8A-88AD-5E33818024C3}.Debug|x86.ActiveCfg = Debug|Any CPU
		{A5F64E35-9D5F-4C8A-88AD-5E33818024C3}.Debug|x86.Build.0 = Debug|Any CPU
		{A5F64E35-9D5F-4C8A-88AD-5E33818024C3}.Release|Any CPU.ActiveCfg = Release|Any CPU
		{A5F64E35-9D5F-4C8A-88AD-5E33818024C3}.Release|Any CPU.Build.0 = Release|Any CPU
		{A5F64E35-9D5F-4C8A-88AD-5E33818024C3}.Release|x64.ActiveCfg = Release|Any CPU
		{A5F64E35-9D5F-4C8A-88AD-5E33818024C3}.Release|x64.Build.0 = Release|Any CPU
		{A5F64E35-9D5F-4C8A-88AD-5E33818024C3}.Release|x86.ActiveCfg = Release|Any CPU
		{A5F64E35-9D5F-4C8A-88AD-5E33818024C3}.Release|x86.Build.0 = Release|Any CPU
		{1B2FE6FB-D437-4446-88D7-666B0E7FE7A6}.Debug|Any CPU.ActiveCfg = Debug|Any CPU
		{1B2FE6FB-D437-4446-88D7-666B0E7FE7A6}.Debug|Any CPU.Build.0 = Debug|Any CPU
		{1B2FE6FB-D437-4446-88D7-666B0E7FE7A6}.Debug|x64.ActiveCfg = Debug|Any CPU
		{1B2FE6FB-D437-4446-88D7-666B0E7FE7A6}.Debug|x64.Build.0 = Debug|Any CPU
		{1B2FE6FB-D437-4446-88D7-666B0E7FE7A6}.Debug|x86.ActiveCfg = Debug|Any CPU
		{1B2FE6FB-D437-4446-88D7-666B0E7FE7A6}.Debug|x86.Build.0 = Debug|Any CPU
		{1B2FE6FB-D437-4446-88D7-666B0E7FE7A6}.Release|Any CPU.ActiveCfg = Release|Any CPU
		{1B2FE6FB-D437-4446-88D7-666B0E7FE7A6}.Release|Any CPU.Build.0 = Release|Any CPU
		{1B2FE6FB-D437-4446-88D7-666B0E7FE7A6}.Release|x64.ActiveCfg = Release|Any CPU
		{1B2FE6FB-D437-4446-88D7-666B0E7FE7A6}.Release|x64.Build.0 = Release|Any CPU
		{1B2FE6FB-D437-4446-88D7-666B0E7FE7A6}.Release|x86.ActiveCfg = Release|Any CPU
		{1B2FE6FB-D437-4446-88D7-666B0E7FE7A6}.Release|x86.Build.0 = Release|Any CPU
	EndGlobalSection
	GlobalSection(SolutionProperties) = preSolution
		HideSolutionNode = FALSE
	EndGlobalSection
EndGlobal
