
Microsoft Visual Studio Solution File, Format Version 12.00
# Visual Studio Version 17
VisualStudioVersion = 17.0.31903.59
MinimumVisualStudioVersion = 10.0.40219.1
Project("{FAE04EC0-301F-11D3-BF4B-00C04F79EFBC}") = "BootcampDay1", "BootcampDay1\BootcampDay1.csproj", "{04FE877D-7A9B-44AF-B8AC-98966583E957}"
EndProject
Project("{FAE04EC0-301F-11D3-BF4B-00C04F79EFBC}") = "BootcampDay2Web", "BootcampDay2Web\BootcampDay2Web.csproj", "{61FA5A5A-A255-475F-8837-7094046B8DD4}"
EndProject
Project("{FAE04EC0-301F-11D3-BF4B-00C04F79EFBC}") = "BootcampDay2Expression", "BootcampDay2Expression\BootcampDay2Expression.csproj", "{A6809F81-D610-44A1-844D-5A7410EF8934}"
EndProject
Project("{FAE04EC0-301F-11D3-BF4B-00C04F79EFBC}") = "BootcampDay2Namespace", "BootcampDay2Namespace\BootcampDay2Namespace.csproj", "{27B1822C-F61D-47BE-B455-B6677461847E}"
EndProject
Project("{FAE04EC0-301F-11D3-BF4B-00C04F79EFBC}") = "BootcampDay3", "BootcampDay3\BootcampDay3.csproj", "{BB98D4C9-CAB2-4722-9C68-804EBF80D4D8}"
EndProject
Project("{FAE04EC0-301F-11D3-BF4B-00C04F79EFBC}") = "BootcampDay3Classes", "BootcampDay3Classes\BootcampDay3Classes.csproj", "{A5F64E35-9D5F-4C8A-88AD-5E33818024C3}"
EndProject
Project("{FAE04EC0-301F-11D3-BF4B-00C04F79EFBC}") = "BootcampDay3Inheritance", "BootcampDay3Inheritance\BootcampDay3Inheritance.csproj", "{1B2FE6FB-D437-4446-88D7-666B0E7FE7A6}"
EndProject
Project("{FAE04EC0-301F-11D3-BF4B-00C04F79EFBC}") = "BootcampDay3Interface", "BootcampDay3Interface\BootcampDay3Interface.csproj", "{A00B9C2D-D209-46EB-87DC-88748A4BABA5}"
EndProject
Project("{FAE04EC0-301F-11D3-BF4B-00C04F79EFBC}") = "BootcampDay3NestedTypes", "BootcampDay3NestedTypes\BootcampDay3NestedTypes.csproj", "{373F2544-1C26-4D93-AC57-210BF58169B7}"
EndProject
Project("{FAE04EC0-301F-11D3-BF4B-00C04F79EFBC}") = "BootcampDay3Struct", "BootcampDay3Struct\BootcampDay3Struct.csproj", "{027B5323-5713-41C1-9A15-218101026FE6}"
EndProject
Project("{FAE04EC0-301F-11D3-BF4B-00C04F79EFBC}") = "BootcampDay3ObjectType", "BootcampDay3ObjectType\BootcampDay3ObjectType.csproj", "{163D7968-384C-4EDA-9B38-B0589816D896}"
EndProject
Project("{FAE04EC0-301F-11D3-BF4B-00C04F79EFBC}") = "BootcampDay3Enums", "BootcampDay3Enums\BootcampDay3Enums.csproj", "{0C957141-CA44-4614-A252-075F33B63484}"
EndProject
Project("{FAE04EC0-301F-11D3-BF4B-00C04F79EFBC}") = "BootcampDay3Generics", "BootcampDay3Generics\BootcampDay3Generics.csproj", "{49849A53-B21C-47A1-AFE1-70E75929DA27}"
EndProject
Project("{FAE04EC0-301F-11D3-BF4B-00C04F79EFBC}") = "BootcampDay3AccessModifier", "BootcampDay3AccessModifier\BootcampDay3AccessModifier.csproj", "{F88D6EBD-C357-4C70-9763-489D63E7B97D}"
EndProject
Project("{FAE04EC0-301F-11D3-BF4B-00C04F79EFBC}") = "BootcampDay3Generic", "BootcampDay3Generic\BootcampDay3Generic.csproj", "{8B7E8A96-7EB9-441A-A1D3-6B7AFCC9070B}"
EndProject
Project("{FAE04EC0-301F-11D3-BF4B-00C04F79EFBC}") = "BootcampDay3InterfaceApi", "BootcampDay3InterfaceApi\BootcampDay3InterfaceApi.csproj", "{967A24FA-4527-4CC7-A51C-7A35411F93F8}"
EndProject
Project("{FAE04EC0-301F-11D3-BF4B-00C04F79EFBC}") = "BootcampDay4MultipleInterface", "BootcampDay4MultipleInterface\BootcampDay4MultipleInterface.csproj", "{62C2E088-FCE0-4403-AD8F-1E3D4494B119}"
EndProject
Project("{FAE04EC0-301F-11D3-BF4B-00C04F79EFBC}") = "BootcampDay5Delegate", "BootcampDay5Delegate\BootcampDay5Delegate.csproj", "{4F5E135A-D1D1-4DA3-8925-92EED1490ED0}"
EndProject
Project("{FAE04EC0-301F-11D3-BF4B-00C04F79EFBC}") = "BootcampDay5EventHandler", "BootcampDay5EventHandler\BootcampDay5EventHandler.csproj", "{AC9AA5AB-FECD-4805-AB1A-B1C06DDF07C4}"
EndProject
Project("{FAE04EC0-301F-11D3-BF4B-00C04F79EFBC}") = "BootcampDay5TryCatch", "BootcampDay5TryCatch\BootcampDay5TryCatch.csproj", "{AD0CFD28-ADE4-43C7-BB02-2538B8D94BE6}"
EndProject
Project("{FAE04EC0-301F-11D3-BF4B-00C04F79EFBC}") = "BootcampDay6NullableValueType", "BootcampDay6NullableValueType\BootcampDay6NullableValueType.csproj", "{6AC75AC1-4FA7-48F5-9566-400DCDC30C3F}"
EndProject
Project("{FAE04EC0-301F-11D3-BF4B-00C04F79EFBC}") = "BootcampDay6EnumeratorIterator", "BootcampDay6EnumeratorIterator\BootcampDay6EnumeratorIterator.csproj", "{76A4BEC2-5B08-4D6A-AE14-D830F055343F}"
EndProject
Project("{FAE04EC0-301F-11D3-BF4B-00C04F79EFBC}") = "BootcampDay6OperatorOverloading", "BootcampDay6OperatorOverloading\BootcampDay6OperatorOverloading.csproj", "{02E69811-80E7-4B1F-9818-9701B57A95D0}"
EndProject
Project("{FAE04EC0-301F-11D3-BF4B-00C04F79EFBC}") = "BootcampDay7FWString", "BootcampDay7FWString\BootcampDay7FWString.csproj", "{01A99A38-8DC2-4981-B413-93588845B815}"
EndProject
Project("{FAE04EC0-301F-11D3-BF4B-00C04F79EFBC}") = "BootcampDay7FWDateAndTimes", "BootcampDay7FWDateAndTimes\BootcampDay7FWDateAndTimes.csproj", "{8D346E4D-E5F7-4571-A667-6CFEE9178433}"
EndProject
Project("{FAE04EC0-301F-11D3-BF4B-00C04F79EFBC}") = "BootcampDay7FormattingAndParsing", "BootcampDay7FormattingAndParsing\BootcampDay7FormattingAndParsing.csproj", "{D6C93BDF-C51B-4B09-9A11-113213FCD88C}"
EndProject
Project("{FAE04EC0-301F-11D3-BF4B-00C04F79EFBC}") = "BootcampDay7OtherConversition", "BootcampDay7OtherConversition\BootcampDay7OtherConversition.csproj", "{0E79F645-9403-4AB6-824F-60FBBA64F047}"
EndProject
Project("{FAE04EC0-301F-11D3-BF4B-00C04F79EFBC}") = "BootcampDay7EqualityComparison", "BootcampDay7EqualityComparison\BootcampDay7EqualityComparison.csproj", "{F4C10ED6-498D-45B8-A38C-0746B1B09390}"
EndProject
Project("{FAE04EC0-301F-11D3-BF4B-00C04F79EFBC}") = "BootcampDay7WorkingWithNumbers", "BootcampDay7WorkingWithNumbers\BootcampDay7WorkingWithNumbers.csproj", "{5ED30E52-95A2-4EF6-BDC5-C27728372EC7}"
EndProject
Project("{FAE04EC0-301F-11D3-BF4B-00C04F79EFBC}") = "BootcampDay7UtilityClasses", "BootcampDay7UtilityClasses\BootcampDay7UtilityClasses.csproj", "{FB653063-B1F6-44C7-A065-D09F315CE8BB}"
EndProject
Project("{FAE04EC0-301F-11D3-BF4B-00C04F79EFBC}") = "BootcampDay9PokerConsole", "BootcampDay9PokerConsole\BootcampDay9PokerConsole.csproj", "{17A3D6F3-A0F3-4C24-8129-32059401ECE5}"
Project("{FAE04EC0-301F-11D3-BF4B-00C04F79EFBC}") = "BootcampDay6EnumeratorIterator", "BootcampDay6EnumeratorIterator\BootcampDay6EnumeratorIterator.csproj", "{E08D8DD5-5FC6-4ED3-9CA3-51EC2434B108}"
EndProject
Project("{FAE04EC0-301F-11D3-BF4B-00C04F79EFBC}") = "BootcampDay6NullableValueType", "BootcampDay6NullableValueType\BootcampDay6NullableValueType.csproj", "{27DBABCC-1304-4264-AB9A-7168897009F3}"
EndProject
Project("{FAE04EC0-301F-11D3-BF4B-00C04F79EFBC}") = "BootcampDay6OperatorOverloading", "BootcampDay6OperatorOverloading\BootcampDay6OperatorOverloading.csproj", "{63845900-C0EB-4E02-8316-718E21FD670F}"
EndProject
Project("{FAE04EC0-301F-11D3-BF4B-00C04F79EFBC}") = "ProjectDomino", "ProjectDomino\ProjectDomino.csproj", "{314CEAE9-699E-4530-99FA-76F5DF0806AD}"
0525ae25ff0a9c2807cb59fde8d6f119025ba274
EndProject
Global
	GlobalSection(SolutionConfigurationPlatforms) = preSolution
		Debug|Any CPU = Debug|Any CPU
		Debug|x64 = Debug|x64
		Debug|x86 = Debug|x86
		Release|Any CPU = Release|Any CPU
		Release|x64 = Release|x64
		Release|x86 = Release|x86
	EndGlobalSection
	GlobalSection(ProjectConfigurationPlatforms) = postSolution
		{04FE877D-7A9B-44AF-B8AC-98966583E957}.Debug|Any CPU.ActiveCfg = Debug|Any CPU
		{04FE877D-7A9B-44AF-B8AC-98966583E957}.Debug|Any CPU.Build.0 = Debug|Any CPU
		{04FE877D-7A9B-44AF-B8AC-98966583E957}.Debug|x64.ActiveCfg = Debug|Any CPU
		{04FE877D-7A9B-44AF-B8AC-98966583E957}.Debug|x64.Build.0 = Debug|Any CPU
		{04FE877D-7A9B-44AF-B8AC-98966583E957}.Debug|x86.ActiveCfg = Debug|Any CPU
		{04FE877D-7A9B-44AF-B8AC-98966583E957}.Debug|x86.Build.0 = Debug|Any CPU
		{04FE877D-7A9B-44AF-B8AC-98966583E957}.Release|Any CPU.ActiveCfg = Release|Any CPU
		{04FE877D-7A9B-44AF-B8AC-98966583E957}.Release|Any CPU.Build.0 = Release|Any CPU
		{04FE877D-7A9B-44AF-B8AC-98966583E957}.Release|x64.ActiveCfg = Release|Any CPU
		{04FE877D-7A9B-44AF-B8AC-98966583E957}.Release|x64.Build.0 = Release|Any CPU
		{04FE877D-7A9B-44AF-B8AC-98966583E957}.Release|x86.ActiveCfg = Release|Any CPU
		{04FE877D-7A9B-44AF-B8AC-98966583E957}.Release|x86.Build.0 = Release|Any CPU
		{61FA5A5A-A255-475F-8837-7094046B8DD4}.Debug|Any CPU.ActiveCfg = Debug|Any CPU
		{61FA5A5A-A255-475F-8837-7094046B8DD4}.Debug|Any CPU.Build.0 = Debug|Any CPU
		{61FA5A5A-A255-475F-8837-7094046B8DD4}.Debug|x64.ActiveCfg = Debug|Any CPU
		{61FA5A5A-A255-475F-8837-7094046B8DD4}.Debug|x64.Build.0 = Debug|Any CPU
		{61FA5A5A-A255-475F-8837-7094046B8DD4}.Debug|x86.ActiveCfg = Debug|Any CPU
		{61FA5A5A-A255-475F-8837-7094046B8DD4}.Debug|x86.Build.0 = Debug|Any CPU
		{61FA5A5A-A255-475F-8837-7094046B8DD4}.Release|Any CPU.ActiveCfg = Release|Any CPU
		{61FA5A5A-A255-475F-8837-7094046B8DD4}.Release|Any CPU.Build.0 = Release|Any CPU
		{61FA5A5A-A255-475F-8837-7094046B8DD4}.Release|x64.ActiveCfg = Release|Any CPU
		{61FA5A5A-A255-475F-8837-7094046B8DD4}.Release|x64.Build.0 = Release|Any CPU
		{61FA5A5A-A255-475F-8837-7094046B8DD4}.Release|x86.ActiveCfg = Release|Any CPU
		{61FA5A5A-A255-475F-8837-7094046B8DD4}.Release|x86.Build.0 = Release|Any CPU
		{A6809F81-D610-44A1-844D-5A7410EF8934}.Debug|Any CPU.ActiveCfg = Debug|Any CPU
		{A6809F81-D610-44A1-844D-5A7410EF8934}.Debug|Any CPU.Build.0 = Debug|Any CPU
		{A6809F81-D610-44A1-844D-5A7410EF8934}.Debug|x64.ActiveCfg = Debug|Any CPU
		{A6809F81-D610-44A1-844D-5A7410EF8934}.Debug|x64.Build.0 = Debug|Any CPU
		{A6809F81-D610-44A1-844D-5A7410EF8934}.Debug|x86.ActiveCfg = Debug|Any CPU
		{A6809F81-D610-44A1-844D-5A7410EF8934}.Debug|x86.Build.0 = Debug|Any CPU
		{A6809F81-D610-44A1-844D-5A7410EF8934}.Release|Any CPU.ActiveCfg = Release|Any CPU
		{A6809F81-D610-44A1-844D-5A7410EF8934}.Release|Any CPU.Build.0 = Release|Any CPU
		{A6809F81-D610-44A1-844D-5A7410EF8934}.Release|x64.ActiveCfg = Release|Any CPU
		{A6809F81-D610-44A1-844D-5A7410EF8934}.Release|x64.Build.0 = Release|Any CPU
		{A6809F81-D610-44A1-844D-5A7410EF8934}.Release|x86.ActiveCfg = Release|Any CPU
		{A6809F81-D610-44A1-844D-5A7410EF8934}.Release|x86.Build.0 = Release|Any CPU
		{27B1822C-F61D-47BE-B455-B6677461847E}.Debug|Any CPU.ActiveCfg = Debug|Any CPU
		{27B1822C-F61D-47BE-B455-B6677461847E}.Debug|Any CPU.Build.0 = Debug|Any CPU
		{27B1822C-F61D-47BE-B455-B6677461847E}.Debug|x64.ActiveCfg = Debug|Any CPU
		{27B1822C-F61D-47BE-B455-B6677461847E}.Debug|x64.Build.0 = Debug|Any CPU
		{27B1822C-F61D-47BE-B455-B6677461847E}.Debug|x86.ActiveCfg = Debug|Any CPU
		{27B1822C-F61D-47BE-B455-B6677461847E}.Debug|x86.Build.0 = Debug|Any CPU
		{27B1822C-F61D-47BE-B455-B6677461847E}.Release|Any CPU.ActiveCfg = Release|Any CPU
		{27B1822C-F61D-47BE-B455-B6677461847E}.Release|Any CPU.Build.0 = Release|Any CPU
		{27B1822C-F61D-47BE-B455-B6677461847E}.Release|x64.ActiveCfg = Release|Any CPU
		{27B1822C-F61D-47BE-B455-B6677461847E}.Release|x64.Build.0 = Release|Any CPU
		{27B1822C-F61D-47BE-B455-B6677461847E}.Release|x86.ActiveCfg = Release|Any CPU
		{27B1822C-F61D-47BE-B455-B6677461847E}.Release|x86.Build.0 = Release|Any CPU
		{BB98D4C9-CAB2-4722-9C68-804EBF80D4D8}.Debug|Any CPU.ActiveCfg = Debug|Any CPU
		{BB98D4C9-CAB2-4722-9C68-804EBF80D4D8}.Debug|Any CPU.Build.0 = Debug|Any CPU
		{BB98D4C9-CAB2-4722-9C68-804EBF80D4D8}.Debug|x64.ActiveCfg = Debug|Any CPU
		{BB98D4C9-CAB2-4722-9C68-804EBF80D4D8}.Debug|x64.Build.0 = Debug|Any CPU
		{BB98D4C9-CAB2-4722-9C68-804EBF80D4D8}.Debug|x86.ActiveCfg = Debug|Any CPU
		{BB98D4C9-CAB2-4722-9C68-804EBF80D4D8}.Debug|x86.Build.0 = Debug|Any CPU
		{BB98D4C9-CAB2-4722-9C68-804EBF80D4D8}.Release|Any CPU.ActiveCfg = Release|Any CPU
		{BB98D4C9-CAB2-4722-9C68-804EBF80D4D8}.Release|Any CPU.Build.0 = Release|Any CPU
		{BB98D4C9-CAB2-4722-9C68-804EBF80D4D8}.Release|x64.ActiveCfg = Release|Any CPU
		{BB98D4C9-CAB2-4722-9C68-804EBF80D4D8}.Release|x64.Build.0 = Release|Any CPU
		{BB98D4C9-CAB2-4722-9C68-804EBF80D4D8}.Release|x86.ActiveCfg = Release|Any CPU
		{BB98D4C9-CAB2-4722-9C68-804EBF80D4D8}.Release|x86.Build.0 = Release|Any CPU
		{A5F64E35-9D5F-4C8A-88AD-5E33818024C3}.Debug|Any CPU.ActiveCfg = Debug|Any CPU
		{A5F64E35-9D5F-4C8A-88AD-5E33818024C3}.Debug|Any CPU.Build.0 = Debug|Any CPU
		{A5F64E35-9D5F-4C8A-88AD-5E33818024C3}.Debug|x64.ActiveCfg = Debug|Any CPU
		{A5F64E35-9D5F-4C8A-88AD-5E33818024C3}.Debug|x64.Build.0 = Debug|Any CPU
		{A5F64E35-9D5F-4C8A-88AD-5E33818024C3}.Debug|x86.ActiveCfg = Debug|Any CPU
		{A5F64E35-9D5F-4C8A-88AD-5E33818024C3}.Debug|x86.Build.0 = Debug|Any CPU
		{A5F64E35-9D5F-4C8A-88AD-5E33818024C3}.Release|Any CPU.ActiveCfg = Release|Any CPU
		{A5F64E35-9D5F-4C8A-88AD-5E33818024C3}.Release|Any CPU.Build.0 = Release|Any CPU
		{A5F64E35-9D5F-4C8A-88AD-5E33818024C3}.Release|x64.ActiveCfg = Release|Any CPU
		{A5F64E35-9D5F-4C8A-88AD-5E33818024C3}.Release|x64.Build.0 = Release|Any CPU
		{A5F64E35-9D5F-4C8A-88AD-5E33818024C3}.Release|x86.ActiveCfg = Release|Any CPU
		{A5F64E35-9D5F-4C8A-88AD-5E33818024C3}.Release|x86.Build.0 = Release|Any CPU
		{1B2FE6FB-D437-4446-88D7-666B0E7FE7A6}.Debug|Any CPU.ActiveCfg = Debug|Any CPU
		{1B2FE6FB-D437-4446-88D7-666B0E7FE7A6}.Debug|Any CPU.Build.0 = Debug|Any CPU
		{1B2FE6FB-D437-4446-88D7-666B0E7FE7A6}.Debug|x64.ActiveCfg = Debug|Any CPU
		{1B2FE6FB-D437-4446-88D7-666B0E7FE7A6}.Debug|x64.Build.0 = Debug|Any CPU
		{1B2FE6FB-D437-4446-88D7-666B0E7FE7A6}.Debug|x86.ActiveCfg = Debug|Any CPU
		{1B2FE6FB-D437-4446-88D7-666B0E7FE7A6}.Debug|x86.Build.0 = Debug|Any CPU
		{1B2FE6FB-D437-4446-88D7-666B0E7FE7A6}.Release|Any CPU.ActiveCfg = Release|Any CPU
		{1B2FE6FB-D437-4446-88D7-666B0E7FE7A6}.Release|Any CPU.Build.0 = Release|Any CPU
		{1B2FE6FB-D437-4446-88D7-666B0E7FE7A6}.Release|x64.ActiveCfg = Release|Any CPU
		{1B2FE6FB-D437-4446-88D7-666B0E7FE7A6}.Release|x64.Build.0 = Release|Any CPU
		{1B2FE6FB-D437-4446-88D7-666B0E7FE7A6}.Release|x86.ActiveCfg = Release|Any CPU
		{1B2FE6FB-D437-4446-88D7-666B0E7FE7A6}.Release|x86.Build.0 = Release|Any CPU
		{A00B9C2D-D209-46EB-87DC-88748A4BABA5}.Debug|Any CPU.ActiveCfg = Debug|Any CPU
		{A00B9C2D-D209-46EB-87DC-88748A4BABA5}.Debug|Any CPU.Build.0 = Debug|Any CPU
		{A00B9C2D-D209-46EB-87DC-88748A4BABA5}.Debug|x64.ActiveCfg = Debug|Any CPU
		{A00B9C2D-D209-46EB-87DC-88748A4BABA5}.Debug|x64.Build.0 = Debug|Any CPU
		{A00B9C2D-D209-46EB-87DC-88748A4BABA5}.Debug|x86.ActiveCfg = Debug|Any CPU
		{A00B9C2D-D209-46EB-87DC-88748A4BABA5}.Debug|x86.Build.0 = Debug|Any CPU
		{A00B9C2D-D209-46EB-87DC-88748A4BABA5}.Release|Any CPU.ActiveCfg = Release|Any CPU
		{A00B9C2D-D209-46EB-87DC-88748A4BABA5}.Release|Any CPU.Build.0 = Release|Any CPU
		{A00B9C2D-D209-46EB-87DC-88748A4BABA5}.Release|x64.ActiveCfg = Release|Any CPU
		{A00B9C2D-D209-46EB-87DC-88748A4BABA5}.Release|x64.Build.0 = Release|Any CPU
		{A00B9C2D-D209-46EB-87DC-88748A4BABA5}.Release|x86.ActiveCfg = Release|Any CPU
		{A00B9C2D-D209-46EB-87DC-88748A4BABA5}.Release|x86.Build.0 = Release|Any CPU
		{373F2544-1C26-4D93-AC57-210BF58169B7}.Debug|Any CPU.ActiveCfg = Debug|Any CPU
		{373F2544-1C26-4D93-AC57-210BF58169B7}.Debug|Any CPU.Build.0 = Debug|Any CPU
		{373F2544-1C26-4D93-AC57-210BF58169B7}.Debug|x64.ActiveCfg = Debug|Any CPU
		{373F2544-1C26-4D93-AC57-210BF58169B7}.Debug|x64.Build.0 = Debug|Any CPU
		{373F2544-1C26-4D93-AC57-210BF58169B7}.Debug|x86.ActiveCfg = Debug|Any CPU
		{373F2544-1C26-4D93-AC57-210BF58169B7}.Debug|x86.Build.0 = Debug|Any CPU
		{373F2544-1C26-4D93-AC57-210BF58169B7}.Release|Any CPU.ActiveCfg = Release|Any CPU
		{373F2544-1C26-4D93-AC57-210BF58169B7}.Release|Any CPU.Build.0 = Release|Any CPU
		{373F2544-1C26-4D93-AC57-210BF58169B7}.Release|x64.ActiveCfg = Release|Any CPU
		{373F2544-1C26-4D93-AC57-210BF58169B7}.Release|x64.Build.0 = Release|Any CPU
		{373F2544-1C26-4D93-AC57-210BF58169B7}.Release|x86.ActiveCfg = Release|Any CPU
		{373F2544-1C26-4D93-AC57-210BF58169B7}.Release|x86.Build.0 = Release|Any CPU
		{027B5323-5713-41C1-9A15-218101026FE6}.Debug|Any CPU.ActiveCfg = Debug|Any CPU
		{027B5323-5713-41C1-9A15-218101026FE6}.Debug|Any CPU.Build.0 = Debug|Any CPU
		{027B5323-5713-41C1-9A15-218101026FE6}.Debug|x64.ActiveCfg = Debug|Any CPU
		{027B5323-5713-41C1-9A15-218101026FE6}.Debug|x64.Build.0 = Debug|Any CPU
		{027B5323-5713-41C1-9A15-218101026FE6}.Debug|x86.ActiveCfg = Debug|Any CPU
		{027B5323-5713-41C1-9A15-218101026FE6}.Debug|x86.Build.0 = Debug|Any CPU
		{027B5323-5713-41C1-9A15-218101026FE6}.Release|Any CPU.ActiveCfg = Release|Any CPU
		{027B5323-5713-41C1-9A15-218101026FE6}.Release|Any CPU.Build.0 = Release|Any CPU
		{027B5323-5713-41C1-9A15-218101026FE6}.Release|x64.ActiveCfg = Release|Any CPU
		{027B5323-5713-41C1-9A15-218101026FE6}.Release|x64.Build.0 = Release|Any CPU
		{027B5323-5713-41C1-9A15-218101026FE6}.Release|x86.ActiveCfg = Release|Any CPU
		{027B5323-5713-41C1-9A15-218101026FE6}.Release|x86.Build.0 = Release|Any CPU
		{163D7968-384C-4EDA-9B38-B0589816D896}.Debug|Any CPU.ActiveCfg = Debug|Any CPU
		{163D7968-384C-4EDA-9B38-B0589816D896}.Debug|Any CPU.Build.0 = Debug|Any CPU
		{163D7968-384C-4EDA-9B38-B0589816D896}.Debug|x64.ActiveCfg = Debug|Any CPU
		{163D7968-384C-4EDA-9B38-B0589816D896}.Debug|x64.Build.0 = Debug|Any CPU
		{163D7968-384C-4EDA-9B38-B0589816D896}.Debug|x86.ActiveCfg = Debug|Any CPU
		{163D7968-384C-4EDA-9B38-B0589816D896}.Debug|x86.Build.0 = Debug|Any CPU
		{163D7968-384C-4EDA-9B38-B0589816D896}.Release|Any CPU.ActiveCfg = Release|Any CPU
		{163D7968-384C-4EDA-9B38-B0589816D896}.Release|Any CPU.Build.0 = Release|Any CPU
		{163D7968-384C-4EDA-9B38-B0589816D896}.Release|x64.ActiveCfg = Release|Any CPU
		{163D7968-384C-4EDA-9B38-B0589816D896}.Release|x64.Build.0 = Release|Any CPU
		{163D7968-384C-4EDA-9B38-B0589816D896}.Release|x86.ActiveCfg = Release|Any CPU
		{163D7968-384C-4EDA-9B38-B0589816D896}.Release|x86.Build.0 = Release|Any CPU
		{0C957141-CA44-4614-A252-075F33B63484}.Debug|Any CPU.ActiveCfg = Debug|Any CPU
		{0C957141-CA44-4614-A252-075F33B63484}.Debug|Any CPU.Build.0 = Debug|Any CPU
		{0C957141-CA44-4614-A252-075F33B63484}.Debug|x64.ActiveCfg = Debug|Any CPU
		{0C957141-CA44-4614-A252-075F33B63484}.Debug|x64.Build.0 = Debug|Any CPU
		{0C957141-CA44-4614-A252-075F33B63484}.Debug|x86.ActiveCfg = Debug|Any CPU
		{0C957141-CA44-4614-A252-075F33B63484}.Debug|x86.Build.0 = Debug|Any CPU
		{0C957141-CA44-4614-A252-075F33B63484}.Release|Any CPU.ActiveCfg = Release|Any CPU
		{0C957141-CA44-4614-A252-075F33B63484}.Release|Any CPU.Build.0 = Release|Any CPU
		{0C957141-CA44-4614-A252-075F33B63484}.Release|x64.ActiveCfg = Release|Any CPU
		{0C957141-CA44-4614-A252-075F33B63484}.Release|x64.Build.0 = Release|Any CPU
		{0C957141-CA44-4614-A252-075F33B63484}.Release|x86.ActiveCfg = Release|Any CPU
		{0C957141-CA44-4614-A252-075F33B63484}.Release|x86.Build.0 = Release|Any CPU
		{49849A53-B21C-47A1-AFE1-70E75929DA27}.Debug|Any CPU.ActiveCfg = Debug|Any CPU
		{49849A53-B21C-47A1-AFE1-70E75929DA27}.Debug|Any CPU.Build.0 = Debug|Any CPU
		{49849A53-B21C-47A1-AFE1-70E75929DA27}.Debug|x64.ActiveCfg = Debug|Any CPU
		{49849A53-B21C-47A1-AFE1-70E75929DA27}.Debug|x64.Build.0 = Debug|Any CPU
		{49849A53-B21C-47A1-AFE1-70E75929DA27}.Debug|x86.ActiveCfg = Debug|Any CPU
		{49849A53-B21C-47A1-AFE1-70E75929DA27}.Debug|x86.Build.0 = Debug|Any CPU
		{49849A53-B21C-47A1-AFE1-70E75929DA27}.Release|Any CPU.ActiveCfg = Release|Any CPU
		{49849A53-B21C-47A1-AFE1-70E75929DA27}.Release|Any CPU.Build.0 = Release|Any CPU
		{49849A53-B21C-47A1-AFE1-70E75929DA27}.Release|x64.ActiveCfg = Release|Any CPU
		{49849A53-B21C-47A1-AFE1-70E75929DA27}.Release|x64.Build.0 = Release|Any CPU
		{49849A53-B21C-47A1-AFE1-70E75929DA27}.Release|x86.ActiveCfg = Release|Any CPU
		{49849A53-B21C-47A1-AFE1-70E75929DA27}.Release|x86.Build.0 = Release|Any CPU
		{F88D6EBD-C357-4C70-9763-489D63E7B97D}.Debug|Any CPU.ActiveCfg = Debug|Any CPU
		{F88D6EBD-C357-4C70-9763-489D63E7B97D}.Debug|Any CPU.Build.0 = Debug|Any CPU
		{F88D6EBD-C357-4C70-9763-489D63E7B97D}.Debug|x64.ActiveCfg = Debug|Any CPU
		{F88D6EBD-C357-4C70-9763-489D63E7B97D}.Debug|x64.Build.0 = Debug|Any CPU
		{F88D6EBD-C357-4C70-9763-489D63E7B97D}.Debug|x86.ActiveCfg = Debug|Any CPU
		{F88D6EBD-C357-4C70-9763-489D63E7B97D}.Debug|x86.Build.0 = Debug|Any CPU
		{F88D6EBD-C357-4C70-9763-489D63E7B97D}.Release|Any CPU.ActiveCfg = Release|Any CPU
		{F88D6EBD-C357-4C70-9763-489D63E7B97D}.Release|Any CPU.Build.0 = Release|Any CPU
		{F88D6EBD-C357-4C70-9763-489D63E7B97D}.Release|x64.ActiveCfg = Release|Any CPU
		{F88D6EBD-C357-4C70-9763-489D63E7B97D}.Release|x64.Build.0 = Release|Any CPU
		{F88D6EBD-C357-4C70-9763-489D63E7B97D}.Release|x86.ActiveCfg = Release|Any CPU
		{F88D6EBD-C357-4C70-9763-489D63E7B97D}.Release|x86.Build.0 = Release|Any CPU
		{8B7E8A96-7EB9-441A-A1D3-6B7AFCC9070B}.Debug|Any CPU.ActiveCfg = Debug|Any CPU
		{8B7E8A96-7EB9-441A-A1D3-6B7AFCC9070B}.Debug|Any CPU.Build.0 = Debug|Any CPU
		{8B7E8A96-7EB9-441A-A1D3-6B7AFCC9070B}.Debug|x64.ActiveCfg = Debug|Any CPU
		{8B7E8A96-7EB9-441A-A1D3-6B7AFCC9070B}.Debug|x64.Build.0 = Debug|Any CPU
		{8B7E8A96-7EB9-441A-A1D3-6B7AFCC9070B}.Debug|x86.ActiveCfg = Debug|Any CPU
		{8B7E8A96-7EB9-441A-A1D3-6B7AFCC9070B}.Debug|x86.Build.0 = Debug|Any CPU
		{8B7E8A96-7EB9-441A-A1D3-6B7AFCC9070B}.Release|Any CPU.ActiveCfg = Release|Any CPU
		{8B7E8A96-7EB9-441A-A1D3-6B7AFCC9070B}.Release|Any CPU.Build.0 = Release|Any CPU
		{8B7E8A96-7EB9-441A-A1D3-6B7AFCC9070B}.Release|x64.ActiveCfg = Release|Any CPU
		{8B7E8A96-7EB9-441A-A1D3-6B7AFCC9070B}.Release|x64.Build.0 = Release|Any CPU
		{8B7E8A96-7EB9-441A-A1D3-6B7AFCC9070B}.Release|x86.ActiveCfg = Release|Any CPU
		{8B7E8A96-7EB9-441A-A1D3-6B7AFCC9070B}.Release|x86.Build.0 = Release|Any CPU
		{967A24FA-4527-4CC7-A51C-7A35411F93F8}.Debug|Any CPU.ActiveCfg = Debug|Any CPU
		{967A24FA-4527-4CC7-A51C-7A35411F93F8}.Debug|Any CPU.Build.0 = Debug|Any CPU
		{967A24FA-4527-4CC7-A51C-7A35411F93F8}.Debug|x64.ActiveCfg = Debug|Any CPU
		{967A24FA-4527-4CC7-A51C-7A35411F93F8}.Debug|x64.Build.0 = Debug|Any CPU
		{967A24FA-4527-4CC7-A51C-7A35411F93F8}.Debug|x86.ActiveCfg = Debug|Any CPU
		{967A24FA-4527-4CC7-A51C-7A35411F93F8}.Debug|x86.Build.0 = Debug|Any CPU
		{967A24FA-4527-4CC7-A51C-7A35411F93F8}.Release|Any CPU.ActiveCfg = Release|Any CPU
		{967A24FA-4527-4CC7-A51C-7A35411F93F8}.Release|Any CPU.Build.0 = Release|Any CPU
		{967A24FA-4527-4CC7-A51C-7A35411F93F8}.Release|x64.ActiveCfg = Release|Any CPU
		{967A24FA-4527-4CC7-A51C-7A35411F93F8}.Release|x64.Build.0 = Release|Any CPU
		{967A24FA-4527-4CC7-A51C-7A35411F93F8}.Release|x86.ActiveCfg = Release|Any CPU
		{967A24FA-4527-4CC7-A51C-7A35411F93F8}.Release|x86.Build.0 = Release|Any CPU
		{62C2E088-FCE0-4403-AD8F-1E3D4494B119}.Debug|Any CPU.ActiveCfg = Debug|Any CPU
		{62C2E088-FCE0-4403-AD8F-1E3D4494B119}.Debug|Any CPU.Build.0 = Debug|Any CPU
		{62C2E088-FCE0-4403-AD8F-1E3D4494B119}.Debug|x64.ActiveCfg = Debug|Any CPU
		{62C2E088-FCE0-4403-AD8F-1E3D4494B119}.Debug|x64.Build.0 = Debug|Any CPU
		{62C2E088-FCE0-4403-AD8F-1E3D4494B119}.Debug|x86.ActiveCfg = Debug|Any CPU
		{62C2E088-FCE0-4403-AD8F-1E3D4494B119}.Debug|x86.Build.0 = Debug|Any CPU
		{62C2E088-FCE0-4403-AD8F-1E3D4494B119}.Release|Any CPU.ActiveCfg = Release|Any CPU
		{62C2E088-FCE0-4403-AD8F-1E3D4494B119}.Release|Any CPU.Build.0 = Release|Any CPU
		{62C2E088-FCE0-4403-AD8F-1E3D4494B119}.Release|x64.ActiveCfg = Release|Any CPU
		{62C2E088-FCE0-4403-AD8F-1E3D4494B119}.Release|x64.Build.0 = Release|Any CPU
		{62C2E088-FCE0-4403-AD8F-1E3D4494B119}.Release|x86.ActiveCfg = Release|Any CPU
		{62C2E088-FCE0-4403-AD8F-1E3D4494B119}.Release|x86.Build.0 = Release|Any CPU
		{4F5E135A-D1D1-4DA3-8925-92EED1490ED0}.Debug|Any CPU.ActiveCfg = Debug|Any CPU
		{4F5E135A-D1D1-4DA3-8925-92EED1490ED0}.Debug|Any CPU.Build.0 = Debug|Any CPU
		{4F5E135A-D1D1-4DA3-8925-92EED1490ED0}.Debug|x64.ActiveCfg = Debug|Any CPU
		{4F5E135A-D1D1-4DA3-8925-92EED1490ED0}.Debug|x64.Build.0 = Debug|Any CPU
		{4F5E135A-D1D1-4DA3-8925-92EED1490ED0}.Debug|x86.ActiveCfg = Debug|Any CPU
		{4F5E135A-D1D1-4DA3-8925-92EED1490ED0}.Debug|x86.Build.0 = Debug|Any CPU
		{4F5E135A-D1D1-4DA3-8925-92EED1490ED0}.Release|Any CPU.ActiveCfg = Release|Any CPU
		{4F5E135A-D1D1-4DA3-8925-92EED1490ED0}.Release|Any CPU.Build.0 = Release|Any CPU
		{4F5E135A-D1D1-4DA3-8925-92EED1490ED0}.Release|x64.ActiveCfg = Release|Any CPU
		{4F5E135A-D1D1-4DA3-8925-92EED1490ED0}.Release|x64.Build.0 = Release|Any CPU
		{4F5E135A-D1D1-4DA3-8925-92EED1490ED0}.Release|x86.ActiveCfg = Release|Any CPU
		{4F5E135A-D1D1-4DA3-8925-92EED1490ED0}.Release|x86.Build.0 = Release|Any CPU
		{AC9AA5AB-FECD-4805-AB1A-B1C06DDF07C4}.Debug|Any CPU.ActiveCfg = Debug|Any CPU
		{AC9AA5AB-FECD-4805-AB1A-B1C06DDF07C4}.Debug|Any CPU.Build.0 = Debug|Any CPU
		{AC9AA5AB-FECD-4805-AB1A-B1C06DDF07C4}.Debug|x64.ActiveCfg = Debug|Any CPU
		{AC9AA5AB-FECD-4805-AB1A-B1C06DDF07C4}.Debug|x64.Build.0 = Debug|Any CPU
		{AC9AA5AB-FECD-4805-AB1A-B1C06DDF07C4}.Debug|x86.ActiveCfg = Debug|Any CPU
		{AC9AA5AB-FECD-4805-AB1A-B1C06DDF07C4}.Debug|x86.Build.0 = Debug|Any CPU
		{AC9AA5AB-FECD-4805-AB1A-B1C06DDF07C4}.Release|Any CPU.ActiveCfg = Release|Any CPU
		{AC9AA5AB-FECD-4805-AB1A-B1C06DDF07C4}.Release|Any CPU.Build.0 = Release|Any CPU
		{AC9AA5AB-FECD-4805-AB1A-B1C06DDF07C4}.Release|x64.ActiveCfg = Release|Any CPU
		{AC9AA5AB-FECD-4805-AB1A-B1C06DDF07C4}.Release|x64.Build.0 = Release|Any CPU
		{AC9AA5AB-FECD-4805-AB1A-B1C06DDF07C4}.Release|x86.ActiveCfg = Release|Any CPU
		{AC9AA5AB-FECD-4805-AB1A-B1C06DDF07C4}.Release|x86.Build.0 = Release|Any CPU
		{AD0CFD28-ADE4-43C7-BB02-2538B8D94BE6}.Debug|Any CPU.ActiveCfg = Debug|Any CPU
		{AD0CFD28-ADE4-43C7-BB02-2538B8D94BE6}.Debug|Any CPU.Build.0 = Debug|Any CPU
		{AD0CFD28-ADE4-43C7-BB02-2538B8D94BE6}.Debug|x64.ActiveCfg = Debug|Any CPU
		{AD0CFD28-ADE4-43C7-BB02-2538B8D94BE6}.Debug|x64.Build.0 = Debug|Any CPU
		{AD0CFD28-ADE4-43C7-BB02-2538B8D94BE6}.Debug|x86.ActiveCfg = Debug|Any CPU
		{AD0CFD28-ADE4-43C7-BB02-2538B8D94BE6}.Debug|x86.Build.0 = Debug|Any CPU
		{AD0CFD28-ADE4-43C7-BB02-2538B8D94BE6}.Release|Any CPU.ActiveCfg = Release|Any CPU
		{AD0CFD28-ADE4-43C7-BB02-2538B8D94BE6}.Release|Any CPU.Build.0 = Release|Any CPU
		{AD0CFD28-ADE4-43C7-BB02-2538B8D94BE6}.Release|x64.ActiveCfg = Release|Any CPU
		{AD0CFD28-ADE4-43C7-BB02-2538B8D94BE6}.Release|x64.Build.0 = Release|Any CPU
		{AD0CFD28-ADE4-43C7-BB02-2538B8D94BE6}.Release|x86.ActiveCfg = Release|Any CPU
		{AD0CFD28-ADE4-43C7-BB02-2538B8D94BE6}.Release|x86.Build.0 = Release|Any CPU
<<<<<<< HEAD
		{6AC75AC1-4FA7-48F5-9566-400DCDC30C3F}.Debug|Any CPU.ActiveCfg = Debug|Any CPU
		{6AC75AC1-4FA7-48F5-9566-400DCDC30C3F}.Debug|Any CPU.Build.0 = Debug|Any CPU
		{6AC75AC1-4FA7-48F5-9566-400DCDC30C3F}.Debug|x64.ActiveCfg = Debug|Any CPU
		{6AC75AC1-4FA7-48F5-9566-400DCDC30C3F}.Debug|x64.Build.0 = Debug|Any CPU
		{6AC75AC1-4FA7-48F5-9566-400DCDC30C3F}.Debug|x86.ActiveCfg = Debug|Any CPU
		{6AC75AC1-4FA7-48F5-9566-400DCDC30C3F}.Debug|x86.Build.0 = Debug|Any CPU
		{6AC75AC1-4FA7-48F5-9566-400DCDC30C3F}.Release|Any CPU.ActiveCfg = Release|Any CPU
		{6AC75AC1-4FA7-48F5-9566-400DCDC30C3F}.Release|Any CPU.Build.0 = Release|Any CPU
		{6AC75AC1-4FA7-48F5-9566-400DCDC30C3F}.Release|x64.ActiveCfg = Release|Any CPU
		{6AC75AC1-4FA7-48F5-9566-400DCDC30C3F}.Release|x64.Build.0 = Release|Any CPU
		{6AC75AC1-4FA7-48F5-9566-400DCDC30C3F}.Release|x86.ActiveCfg = Release|Any CPU
		{6AC75AC1-4FA7-48F5-9566-400DCDC30C3F}.Release|x86.Build.0 = Release|Any CPU
		{76A4BEC2-5B08-4D6A-AE14-D830F055343F}.Debug|Any CPU.ActiveCfg = Debug|Any CPU
		{76A4BEC2-5B08-4D6A-AE14-D830F055343F}.Debug|Any CPU.Build.0 = Debug|Any CPU
		{76A4BEC2-5B08-4D6A-AE14-D830F055343F}.Debug|x64.ActiveCfg = Debug|Any CPU
		{76A4BEC2-5B08-4D6A-AE14-D830F055343F}.Debug|x64.Build.0 = Debug|Any CPU
		{76A4BEC2-5B08-4D6A-AE14-D830F055343F}.Debug|x86.ActiveCfg = Debug|Any CPU
		{76A4BEC2-5B08-4D6A-AE14-D830F055343F}.Debug|x86.Build.0 = Debug|Any CPU
		{76A4BEC2-5B08-4D6A-AE14-D830F055343F}.Release|Any CPU.ActiveCfg = Release|Any CPU
		{76A4BEC2-5B08-4D6A-AE14-D830F055343F}.Release|Any CPU.Build.0 = Release|Any CPU
		{76A4BEC2-5B08-4D6A-AE14-D830F055343F}.Release|x64.ActiveCfg = Release|Any CPU
		{76A4BEC2-5B08-4D6A-AE14-D830F055343F}.Release|x64.Build.0 = Release|Any CPU
		{76A4BEC2-5B08-4D6A-AE14-D830F055343F}.Release|x86.ActiveCfg = Release|Any CPU
		{76A4BEC2-5B08-4D6A-AE14-D830F055343F}.Release|x86.Build.0 = Release|Any CPU
		{02E69811-80E7-4B1F-9818-9701B57A95D0}.Debug|Any CPU.ActiveCfg = Debug|Any CPU
		{02E69811-80E7-4B1F-9818-9701B57A95D0}.Debug|Any CPU.Build.0 = Debug|Any CPU
		{02E69811-80E7-4B1F-9818-9701B57A95D0}.Debug|x64.ActiveCfg = Debug|Any CPU
		{02E69811-80E7-4B1F-9818-9701B57A95D0}.Debug|x64.Build.0 = Debug|Any CPU
		{02E69811-80E7-4B1F-9818-9701B57A95D0}.Debug|x86.ActiveCfg = Debug|Any CPU
		{02E69811-80E7-4B1F-9818-9701B57A95D0}.Debug|x86.Build.0 = Debug|Any CPU
		{02E69811-80E7-4B1F-9818-9701B57A95D0}.Release|Any CPU.ActiveCfg = Release|Any CPU
		{02E69811-80E7-4B1F-9818-9701B57A95D0}.Release|Any CPU.Build.0 = Release|Any CPU
		{02E69811-80E7-4B1F-9818-9701B57A95D0}.Release|x64.ActiveCfg = Release|Any CPU
		{02E69811-80E7-4B1F-9818-9701B57A95D0}.Release|x64.Build.0 = Release|Any CPU
		{02E69811-80E7-4B1F-9818-9701B57A95D0}.Release|x86.ActiveCfg = Release|Any CPU
		{02E69811-80E7-4B1F-9818-9701B57A95D0}.Release|x86.Build.0 = Release|Any CPU
		{01A99A38-8DC2-4981-B413-93588845B815}.Debug|Any CPU.ActiveCfg = Debug|Any CPU
		{01A99A38-8DC2-4981-B413-93588845B815}.Debug|Any CPU.Build.0 = Debug|Any CPU
		{01A99A38-8DC2-4981-B413-93588845B815}.Debug|x64.ActiveCfg = Debug|Any CPU
		{01A99A38-8DC2-4981-B413-93588845B815}.Debug|x64.Build.0 = Debug|Any CPU
		{01A99A38-8DC2-4981-B413-93588845B815}.Debug|x86.ActiveCfg = Debug|Any CPU
		{01A99A38-8DC2-4981-B413-93588845B815}.Debug|x86.Build.0 = Debug|Any CPU
		{01A99A38-8DC2-4981-B413-93588845B815}.Release|Any CPU.ActiveCfg = Release|Any CPU
		{01A99A38-8DC2-4981-B413-93588845B815}.Release|Any CPU.Build.0 = Release|Any CPU
		{01A99A38-8DC2-4981-B413-93588845B815}.Release|x64.ActiveCfg = Release|Any CPU
		{01A99A38-8DC2-4981-B413-93588845B815}.Release|x64.Build.0 = Release|Any CPU
		{01A99A38-8DC2-4981-B413-93588845B815}.Release|x86.ActiveCfg = Release|Any CPU
		{01A99A38-8DC2-4981-B413-93588845B815}.Release|x86.Build.0 = Release|Any CPU
		{8D346E4D-E5F7-4571-A667-6CFEE9178433}.Debug|Any CPU.ActiveCfg = Debug|Any CPU
		{8D346E4D-E5F7-4571-A667-6CFEE9178433}.Debug|Any CPU.Build.0 = Debug|Any CPU
		{8D346E4D-E5F7-4571-A667-6CFEE9178433}.Debug|x64.ActiveCfg = Debug|Any CPU
		{8D346E4D-E5F7-4571-A667-6CFEE9178433}.Debug|x64.Build.0 = Debug|Any CPU
		{8D346E4D-E5F7-4571-A667-6CFEE9178433}.Debug|x86.ActiveCfg = Debug|Any CPU
		{8D346E4D-E5F7-4571-A667-6CFEE9178433}.Debug|x86.Build.0 = Debug|Any CPU
		{8D346E4D-E5F7-4571-A667-6CFEE9178433}.Release|Any CPU.ActiveCfg = Release|Any CPU
		{8D346E4D-E5F7-4571-A667-6CFEE9178433}.Release|Any CPU.Build.0 = Release|Any CPU
		{8D346E4D-E5F7-4571-A667-6CFEE9178433}.Release|x64.ActiveCfg = Release|Any CPU
		{8D346E4D-E5F7-4571-A667-6CFEE9178433}.Release|x64.Build.0 = Release|Any CPU
		{8D346E4D-E5F7-4571-A667-6CFEE9178433}.Release|x86.ActiveCfg = Release|Any CPU
		{8D346E4D-E5F7-4571-A667-6CFEE9178433}.Release|x86.Build.0 = Release|Any CPU
		{D6C93BDF-C51B-4B09-9A11-113213FCD88C}.Debug|Any CPU.ActiveCfg = Debug|Any CPU
		{D6C93BDF-C51B-4B09-9A11-113213FCD88C}.Debug|Any CPU.Build.0 = Debug|Any CPU
		{D6C93BDF-C51B-4B09-9A11-113213FCD88C}.Debug|x64.ActiveCfg = Debug|Any CPU
		{D6C93BDF-C51B-4B09-9A11-113213FCD88C}.Debug|x64.Build.0 = Debug|Any CPU
		{D6C93BDF-C51B-4B09-9A11-113213FCD88C}.Debug|x86.ActiveCfg = Debug|Any CPU
		{D6C93BDF-C51B-4B09-9A11-113213FCD88C}.Debug|x86.Build.0 = Debug|Any CPU
		{D6C93BDF-C51B-4B09-9A11-113213FCD88C}.Release|Any CPU.ActiveCfg = Release|Any CPU
		{D6C93BDF-C51B-4B09-9A11-113213FCD88C}.Release|Any CPU.Build.0 = Release|Any CPU
		{D6C93BDF-C51B-4B09-9A11-113213FCD88C}.Release|x64.ActiveCfg = Release|Any CPU
		{D6C93BDF-C51B-4B09-9A11-113213FCD88C}.Release|x64.Build.0 = Release|Any CPU
		{D6C93BDF-C51B-4B09-9A11-113213FCD88C}.Release|x86.ActiveCfg = Release|Any CPU
		{D6C93BDF-C51B-4B09-9A11-113213FCD88C}.Release|x86.Build.0 = Release|Any CPU
		{0E79F645-9403-4AB6-824F-60FBBA64F047}.Debug|Any CPU.ActiveCfg = Debug|Any CPU
		{0E79F645-9403-4AB6-824F-60FBBA64F047}.Debug|Any CPU.Build.0 = Debug|Any CPU
		{0E79F645-9403-4AB6-824F-60FBBA64F047}.Debug|x64.ActiveCfg = Debug|Any CPU
		{0E79F645-9403-4AB6-824F-60FBBA64F047}.Debug|x64.Build.0 = Debug|Any CPU
		{0E79F645-9403-4AB6-824F-60FBBA64F047}.Debug|x86.ActiveCfg = Debug|Any CPU
		{0E79F645-9403-4AB6-824F-60FBBA64F047}.Debug|x86.Build.0 = Debug|Any CPU
		{0E79F645-9403-4AB6-824F-60FBBA64F047}.Release|Any CPU.ActiveCfg = Release|Any CPU
		{0E79F645-9403-4AB6-824F-60FBBA64F047}.Release|Any CPU.Build.0 = Release|Any CPU
		{0E79F645-9403-4AB6-824F-60FBBA64F047}.Release|x64.ActiveCfg = Release|Any CPU
		{0E79F645-9403-4AB6-824F-60FBBA64F047}.Release|x64.Build.0 = Release|Any CPU
		{0E79F645-9403-4AB6-824F-60FBBA64F047}.Release|x86.ActiveCfg = Release|Any CPU
		{0E79F645-9403-4AB6-824F-60FBBA64F047}.Release|x86.Build.0 = Release|Any CPU
		{F4C10ED6-498D-45B8-A38C-0746B1B09390}.Debug|Any CPU.ActiveCfg = Debug|Any CPU
		{F4C10ED6-498D-45B8-A38C-0746B1B09390}.Debug|Any CPU.Build.0 = Debug|Any CPU
		{F4C10ED6-498D-45B8-A38C-0746B1B09390}.Debug|x64.ActiveCfg = Debug|Any CPU
		{F4C10ED6-498D-45B8-A38C-0746B1B09390}.Debug|x64.Build.0 = Debug|Any CPU
		{F4C10ED6-498D-45B8-A38C-0746B1B09390}.Debug|x86.ActiveCfg = Debug|Any CPU
		{F4C10ED6-498D-45B8-A38C-0746B1B09390}.Debug|x86.Build.0 = Debug|Any CPU
		{F4C10ED6-498D-45B8-A38C-0746B1B09390}.Release|Any CPU.ActiveCfg = Release|Any CPU
		{F4C10ED6-498D-45B8-A38C-0746B1B09390}.Release|Any CPU.Build.0 = Release|Any CPU
		{F4C10ED6-498D-45B8-A38C-0746B1B09390}.Release|x64.ActiveCfg = Release|Any CPU
		{F4C10ED6-498D-45B8-A38C-0746B1B09390}.Release|x64.Build.0 = Release|Any CPU
		{F4C10ED6-498D-45B8-A38C-0746B1B09390}.Release|x86.ActiveCfg = Release|Any CPU
		{F4C10ED6-498D-45B8-A38C-0746B1B09390}.Release|x86.Build.0 = Release|Any CPU
		{5ED30E52-95A2-4EF6-BDC5-C27728372EC7}.Debug|Any CPU.ActiveCfg = Debug|Any CPU
		{5ED30E52-95A2-4EF6-BDC5-C27728372EC7}.Debug|Any CPU.Build.0 = Debug|Any CPU
		{5ED30E52-95A2-4EF6-BDC5-C27728372EC7}.Debug|x64.ActiveCfg = Debug|Any CPU
		{5ED30E52-95A2-4EF6-BDC5-C27728372EC7}.Debug|x64.Build.0 = Debug|Any CPU
		{5ED30E52-95A2-4EF6-BDC5-C27728372EC7}.Debug|x86.ActiveCfg = Debug|Any CPU
		{5ED30E52-95A2-4EF6-BDC5-C27728372EC7}.Debug|x86.Build.0 = Debug|Any CPU
		{5ED30E52-95A2-4EF6-BDC5-C27728372EC7}.Release|Any CPU.ActiveCfg = Release|Any CPU
		{5ED30E52-95A2-4EF6-BDC5-C27728372EC7}.Release|Any CPU.Build.0 = Release|Any CPU
		{5ED30E52-95A2-4EF6-BDC5-C27728372EC7}.Release|x64.ActiveCfg = Release|Any CPU
		{5ED30E52-95A2-4EF6-BDC5-C27728372EC7}.Release|x64.Build.0 = Release|Any CPU
		{5ED30E52-95A2-4EF6-BDC5-C27728372EC7}.Release|x86.ActiveCfg = Release|Any CPU
		{5ED30E52-95A2-4EF6-BDC5-C27728372EC7}.Release|x86.Build.0 = Release|Any CPU
		{FB653063-B1F6-44C7-A065-D09F315CE8BB}.Debug|Any CPU.ActiveCfg = Debug|Any CPU
		{FB653063-B1F6-44C7-A065-D09F315CE8BB}.Debug|Any CPU.Build.0 = Debug|Any CPU
		{FB653063-B1F6-44C7-A065-D09F315CE8BB}.Debug|x64.ActiveCfg = Debug|Any CPU
		{FB653063-B1F6-44C7-A065-D09F315CE8BB}.Debug|x64.Build.0 = Debug|Any CPU
		{FB653063-B1F6-44C7-A065-D09F315CE8BB}.Debug|x86.ActiveCfg = Debug|Any CPU
		{FB653063-B1F6-44C7-A065-D09F315CE8BB}.Debug|x86.Build.0 = Debug|Any CPU
		{FB653063-B1F6-44C7-A065-D09F315CE8BB}.Release|Any CPU.ActiveCfg = Release|Any CPU
		{FB653063-B1F6-44C7-A065-D09F315CE8BB}.Release|Any CPU.Build.0 = Release|Any CPU
		{FB653063-B1F6-44C7-A065-D09F315CE8BB}.Release|x64.ActiveCfg = Release|Any CPU
		{FB653063-B1F6-44C7-A065-D09F315CE8BB}.Release|x64.Build.0 = Release|Any CPU
		{FB653063-B1F6-44C7-A065-D09F315CE8BB}.Release|x86.ActiveCfg = Release|Any CPU
		{FB653063-B1F6-44C7-A065-D09F315CE8BB}.Release|x86.Build.0 = Release|Any CPU
		{17A3D6F3-A0F3-4C24-8129-32059401ECE5}.Debug|Any CPU.ActiveCfg = Debug|Any CPU
		{17A3D6F3-A0F3-4C24-8129-32059401ECE5}.Debug|Any CPU.Build.0 = Debug|Any CPU
		{17A3D6F3-A0F3-4C24-8129-32059401ECE5}.Debug|x64.ActiveCfg = Debug|Any CPU
		{17A3D6F3-A0F3-4C24-8129-32059401ECE5}.Debug|x64.Build.0 = Debug|Any CPU
		{17A3D6F3-A0F3-4C24-8129-32059401ECE5}.Debug|x86.ActiveCfg = Debug|Any CPU
		{17A3D6F3-A0F3-4C24-8129-32059401ECE5}.Debug|x86.Build.0 = Debug|Any CPU
		{17A3D6F3-A0F3-4C24-8129-32059401ECE5}.Release|Any CPU.ActiveCfg = Release|Any CPU
		{17A3D6F3-A0F3-4C24-8129-32059401ECE5}.Release|Any CPU.Build.0 = Release|Any CPU
		{17A3D6F3-A0F3-4C24-8129-32059401ECE5}.Release|x64.ActiveCfg = Release|Any CPU
		{17A3D6F3-A0F3-4C24-8129-32059401ECE5}.Release|x64.Build.0 = Release|Any CPU
		{17A3D6F3-A0F3-4C24-8129-32059401ECE5}.Release|x86.ActiveCfg = Release|Any CPU
		{17A3D6F3-A0F3-4C24-8129-32059401ECE5}.Release|x86.Build.0 = Release|Any CPU
=======
		{E08D8DD5-5FC6-4ED3-9CA3-51EC2434B108}.Debug|Any CPU.ActiveCfg = Debug|Any CPU
		{E08D8DD5-5FC6-4ED3-9CA3-51EC2434B108}.Debug|Any CPU.Build.0 = Debug|Any CPU
		{E08D8DD5-5FC6-4ED3-9CA3-51EC2434B108}.Debug|x64.ActiveCfg = Debug|Any CPU
		{E08D8DD5-5FC6-4ED3-9CA3-51EC2434B108}.Debug|x64.Build.0 = Debug|Any CPU
		{E08D8DD5-5FC6-4ED3-9CA3-51EC2434B108}.Debug|x86.ActiveCfg = Debug|Any CPU
		{E08D8DD5-5FC6-4ED3-9CA3-51EC2434B108}.Debug|x86.Build.0 = Debug|Any CPU
		{E08D8DD5-5FC6-4ED3-9CA3-51EC2434B108}.Release|Any CPU.ActiveCfg = Release|Any CPU
		{E08D8DD5-5FC6-4ED3-9CA3-51EC2434B108}.Release|Any CPU.Build.0 = Release|Any CPU
		{E08D8DD5-5FC6-4ED3-9CA3-51EC2434B108}.Release|x64.ActiveCfg = Release|Any CPU
		{E08D8DD5-5FC6-4ED3-9CA3-51EC2434B108}.Release|x64.Build.0 = Release|Any CPU
		{E08D8DD5-5FC6-4ED3-9CA3-51EC2434B108}.Release|x86.ActiveCfg = Release|Any CPU
		{E08D8DD5-5FC6-4ED3-9CA3-51EC2434B108}.Release|x86.Build.0 = Release|Any CPU
		{27DBABCC-1304-4264-AB9A-7168897009F3}.Debug|Any CPU.ActiveCfg = Debug|Any CPU
		{27DBABCC-1304-4264-AB9A-7168897009F3}.Debug|Any CPU.Build.0 = Debug|Any CPU
		{27DBABCC-1304-4264-AB9A-7168897009F3}.Debug|x64.ActiveCfg = Debug|Any CPU
		{27DBABCC-1304-4264-AB9A-7168897009F3}.Debug|x64.Build.0 = Debug|Any CPU
		{27DBABCC-1304-4264-AB9A-7168897009F3}.Debug|x86.ActiveCfg = Debug|Any CPU
		{27DBABCC-1304-4264-AB9A-7168897009F3}.Debug|x86.Build.0 = Debug|Any CPU
		{27DBABCC-1304-4264-AB9A-7168897009F3}.Release|Any CPU.ActiveCfg = Release|Any CPU
		{27DBABCC-1304-4264-AB9A-7168897009F3}.Release|Any CPU.Build.0 = Release|Any CPU
		{27DBABCC-1304-4264-AB9A-7168897009F3}.Release|x64.ActiveCfg = Release|Any CPU
		{27DBABCC-1304-4264-AB9A-7168897009F3}.Release|x64.Build.0 = Release|Any CPU
		{27DBABCC-1304-4264-AB9A-7168897009F3}.Release|x86.ActiveCfg = Release|Any CPU
		{27DBABCC-1304-4264-AB9A-7168897009F3}.Release|x86.Build.0 = Release|Any CPU
		{63845900-C0EB-4E02-8316-718E21FD670F}.Debug|Any CPU.ActiveCfg = Debug|Any CPU
		{63845900-C0EB-4E02-8316-718E21FD670F}.Debug|Any CPU.Build.0 = Debug|Any CPU
		{63845900-C0EB-4E02-8316-718E21FD670F}.Debug|x64.ActiveCfg = Debug|Any CPU
		{63845900-C0EB-4E02-8316-718E21FD670F}.Debug|x64.Build.0 = Debug|Any CPU
		{63845900-C0EB-4E02-8316-718E21FD670F}.Debug|x86.ActiveCfg = Debug|Any CPU
		{63845900-C0EB-4E02-8316-718E21FD670F}.Debug|x86.Build.0 = Debug|Any CPU
		{63845900-C0EB-4E02-8316-718E21FD670F}.Release|Any CPU.ActiveCfg = Release|Any CPU
		{63845900-C0EB-4E02-8316-718E21FD670F}.Release|Any CPU.Build.0 = Release|Any CPU
		{63845900-C0EB-4E02-8316-718E21FD670F}.Release|x64.ActiveCfg = Release|Any CPU
		{63845900-C0EB-4E02-8316-718E21FD670F}.Release|x64.Build.0 = Release|Any CPU
		{63845900-C0EB-4E02-8316-718E21FD670F}.Release|x86.ActiveCfg = Release|Any CPU
		{63845900-C0EB-4E02-8316-718E21FD670F}.Release|x86.Build.0 = Release|Any CPU
		{314CEAE9-699E-4530-99FA-76F5DF0806AD}.Debug|Any CPU.ActiveCfg = Debug|Any CPU
		{314CEAE9-699E-4530-99FA-76F5DF0806AD}.Debug|Any CPU.Build.0 = Debug|Any CPU
		{314CEAE9-699E-4530-99FA-76F5DF0806AD}.Debug|x64.ActiveCfg = Debug|Any CPU
		{314CEAE9-699E-4530-99FA-76F5DF0806AD}.Debug|x64.Build.0 = Debug|Any CPU
		{314CEAE9-699E-4530-99FA-76F5DF0806AD}.Debug|x86.ActiveCfg = Debug|Any CPU
		{314CEAE9-699E-4530-99FA-76F5DF0806AD}.Debug|x86.Build.0 = Debug|Any CPU
		{314CEAE9-699E-4530-99FA-76F5DF0806AD}.Release|Any CPU.ActiveCfg = Release|Any CPU
		{314CEAE9-699E-4530-99FA-76F5DF0806AD}.Release|Any CPU.Build.0 = Release|Any CPU
		{314CEAE9-699E-4530-99FA-76F5DF0806AD}.Release|x64.ActiveCfg = Release|Any CPU
		{314CEAE9-699E-4530-99FA-76F5DF0806AD}.Release|x64.Build.0 = Release|Any CPU
		{314CEAE9-699E-4530-99FA-76F5DF0806AD}.Release|x86.ActiveCfg = Release|Any CPU
		{314CEAE9-699E-4530-99FA-76F5DF0806AD}.Release|x86.Build.0 = Release|Any CPU
>>>>>>> 0525ae25ff0a9c2807cb59fde8d6f119025ba274
	EndGlobalSection
	GlobalSection(SolutionProperties) = preSolution
		HideSolutionNode = FALSE
	EndGlobalSection
EndGlobal
