Microsoft Visual Studio Solution File, Format Version 12.00
# Visual Studio Version 17
VisualStudioVersion = 17.5.2.0
MinimumVisualStudioVersion = 10.0.40219.1
Project("{FAE04EC0-301F-11D3-BF4B-00C04F79EFBC}") = "BootcampDay8PokerGame", "BootcampDay8PokerGame.csproj", "{6CFEDF05-CD40-0D27-F26D-F6C33083D77A}"
EndProject
Global
	GlobalSection(SolutionConfigurationPlatforms) = preSolution
		Debug|Any CPU = Debug|Any CPU
		Release|Any CPU = Release|Any CPU
	EndGlobalSection
	GlobalSection(ProjectConfigurationPlatforms) = postSolution
		{6CFEDF05-CD40-0D27-F26D-F6C33083D77A}.Debug|Any CPU.ActiveCfg = Debug|Any CPU
		{6CFEDF05-CD40-0D27-F26D-F6C33083D77A}.Debug|Any CPU.Build.0 = Debug|Any CPU
		{6CFEDF05-CD40-0D27-F26D-F6C33083D77A}.Release|Any CPU.ActiveCfg = Release|Any CPU
		{6CFEDF05-CD40-0D27-F26D-F6C33083D77A}.Release|Any CPU.Build.0 = Release|Any CPU
	EndGlobalSection
	GlobalSection(SolutionProperties) = preSolution
		HideSolutionNode = FALSE
	EndGlobalSection
	GlobalSection(ExtensibilityGlobals) = postSolution
		SolutionGuid = {A3E68CD3-50F7-4DE7-8566-CB5657452611}
	EndGlobalSection
EndGlobal
