Microsoft Visual Studio Solution File, Format Version 12.00
# Visual Studio Version 17
VisualStudioVersion = 17.5.2.0
MinimumVisualStudioVersion = 10.0.40219.1
Project("{FAE04EC0-301F-11D3-BF4B-00C04F79EFBC}") = "CheckerGame", "CheckerGame.csproj", "{BE69E3E2-B03C-B43C-2CE6-8A48DFAB1A70}"
EndProject
Global
	GlobalSection(SolutionConfigurationPlatforms) = preSolution
		Debug|Any CPU = Debug|Any CPU
		Release|Any CPU = Release|Any CPU
	EndGlobalSection
	GlobalSection(ProjectConfigurationPlatforms) = postSolution
		{BE69E3E2-B03C-B43C-2CE6-8A48DFAB1A70}.Debug|Any CPU.ActiveCfg = Debug|Any CPU
		{BE69E3E2-B03C-B43C-2CE6-8A48DFAB1A70}.Debug|Any CPU.Build.0 = Debug|Any CPU
		{BE69E3E2-B03C-B43C-2CE6-8A48DFAB1A70}.Release|Any CPU.ActiveCfg = Release|Any CPU
		{BE69E3E2-B03C-B43C-2CE6-8A48DFAB1A70}.Release|Any CPU.Build.0 = Release|Any CPU
	EndGlobalSection
	GlobalSection(SolutionProperties) = preSolution
		HideSolutionNode = FALSE
	EndGlobalSection
	GlobalSection(ExtensibilityGlobals) = postSolution
		SolutionGuid = {3876E038-DE4E-48F8-8F45-328A6943A6F7}
	EndGlobalSection
EndGlobal
